
Microsoft Visual Studio Solution File, Format Version 12.00
# Visual Studio 2013
VisualStudioVersion = 12.0.21005.1
MinimumVisualStudioVersion = 10.0.40219.1
Project("{F184B08F-C81C-45F6-A57F-5ABD9991F28F}") = "PCSistelMovil", "PCSistelMovil.vbproj", "{9B295240-61F7-4E6D-93CC-AC9A1FB33162}"
EndProject
Global
	GlobalSection(TeamFoundationVersionControl) = preSolution
		SccNumberOfProjects = 2
		SccEnterpriseProvider = {4CA58AB2-18FA-4F8D-95D4-32DDF27D184C}
		SccTeamFoundationServer = http://130.1.7.9:8080/tfs/productos
		SccLocalPath0 = .
		SccProjectUniqueName1 = PCSistelMovil.vbproj
		SccLocalPath1 = .
	EndGlobalSection
	GlobalSection(SolutionConfigurationPlatforms) = preSolution
		Debug|Any CPU = Debug|Any CPU
		Release|Any CPU = Release|Any CPU
	EndGlobalSection
	GlobalSection(ProjectConfigurationPlatforms) = postSolution
		{9B295240-61F7-4E6D-93CC-AC9A1FB33162}.Debug|Any CPU.ActiveCfg = Debug|Any CPU
		{9B295240-61F7-4E6D-93CC-AC9A1FB33162}.Debug|Any CPU.Build.0 = Debug|Any CPU
		{9B295240-61F7-4E6D-93CC-AC9A1FB33162}.Release|Any CPU.ActiveCfg = Release|Any CPU
		{9B295240-61F7-4E6D-93CC-AC9A1FB33162}.Release|Any CPU.Build.0 = Release|Any CPU
	EndGlobalSection
	GlobalSection(SolutionProperties) = preSolution
		HideSolutionNode = FALSE
	EndGlobalSection
	GlobalSection(ExtensibilityGlobals) = postSolution
		SolutionGuid = {6A6D0512-6404-4D2B-87E0-BAE574B83408}
	EndGlobalSection
EndGlobal
